{
  "name": "Progekt for the last lesson",
  "lockfileVersion": 2,
  "requires": true,
  "packages": {
    "": {
      "dependencies": {
        "vanillajs-scrollspy": "^3.0.3"
      }
    },
    "node_modules/vanillajs-scrollspy": {
      "version": "3.0.3",
      "resolved": "https://registry.npmjs.org/vanillajs-scrollspy/-/vanillajs-scrollspy-3.0.3.tgz",
      "integrity": "sha512-ZOs+WG14y0LR4KG04HSw+K4viPYGcAz3f/K7dRnpU7t6CircWD9IMiwV2mDPgCTy70G97H9ttvXKK340cGmSkg=="
    }
  },
  "dependencies": {
    "vanillajs-scrollspy": {
      "version": "3.0.3",
      "resolved": "https://registry.npmjs.org/vanillajs-scrollspy/-/vanillajs-scrollspy-3.0.3.tgz",
      "integrity": "sha512-ZOs+WG14y0LR4KG04HSw+K4viPYGcAz3f/K7dRnpU7t6CircWD9IMiwV2mDPgCTy70G97H9ttvXKK340cGmSkg=="
    }
  }
}
